// !$*UTF8*$!
{
	archiveVersion = 1;
	classes = {
	};
	objectVersion = 55;
	objects = {

/* Begin PBXBuildFile section */
		F5733B392884905500F682EA /* Peter014_1App.swift in Sources */ = {isa = PBXBuildFile; fileRef = F5733B382884905500F682EA /* Peter014_1App.swift */; };
		F5733B3D2884905700F682EA /* Assets.xcassets in Resources */ = {isa = PBXBuildFile; fileRef = F5733B3C2884905700F682EA /* Assets.xcassets */; };
		F5733B402884905700F682EA /* Preview Assets.xcassets in Resources */ = {isa = PBXBuildFile; fileRef = F5733B3F2884905700F682EA /* Preview Assets.xcassets */; };
		F5733B4A2884905800F682EA /* Peter014_1Tests.swift in Sources */ = {isa = PBXBuildFile; fileRef = F5733B492884905800F682EA /* Peter014_1Tests.swift */; };
		F5733B542884905800F682EA /* Peter014_1UITests.swift in Sources */ = {isa = PBXBuildFile; fileRef = F5733B532884905800F682EA /* Peter014_1UITests.swift */; };
		F5733B562884905800F682EA /* Peter014_1UITestsLaunchTests.swift in Sources */ = {isa = PBXBuildFile; fileRef = F5733B552884905800F682EA /* Peter014_1UITestsLaunchTests.swift */; };
		F59F90E42886F3AF00092F99 /* HomeView.swift in Sources */ = {isa = PBXBuildFile; fileRef = F59F90E32886F3AF00092F99 /* HomeView.swift */; };
/* End PBXBuildFile section */

/* Begin PBXContainerItemProxy section */
		F5733B462884905800F682EA /* PBXContainerItemProxy */ = {
			isa = PBXContainerItemProxy;
			containerPortal = F5733B2D2884905500F682EA /* Project object */;
			proxyType = 1;
			remoteGlobalIDString = F5733B342884905500F682EA;
			remoteInfo = Peter014_1;
		};
		F5733B502884905800F682EA /* PBXContainerItemProxy */ = {
			isa = PBXContainerItemProxy;
			containerPortal = F5733B2D2884905500F682EA /* Project object */;
			proxyType = 1;
			remoteGlobalIDString = F5733B342884905500F682EA;
			remoteInfo = Peter014_1;
		};
/* End PBXContainerItemProxy section */

/* Begin PBXFileReference section */
		F5733B352884905500F682EA /* Peter014_1.app */ = {isa = PBXFileReference; explicitFileType = wrapper.application; includeInIndex = 0; path = Peter014_1.app; sourceTree = BUILT_PRODUCTS_DIR; };
		F5733B382884905500F682EA /* Peter014_1App.swift */ = {isa = PBXFileReference; lastKnownFileType = sourcecode.swift; path = Peter014_1App.swift; sourceTree = "<group>"; };
		F5733B3C2884905700F682EA /* Assets.xcassets */ = {isa = PBXFileReference; lastKnownFileType = folder.assetcatalog; path = Assets.xcassets; sourceTree = "<group>"; };
		F5733B3F2884905700F682EA /* Preview Assets.xcassets */ = {isa = PBXFileReference; lastKnownFileType = folder.assetcatalog; path = "Preview Assets.xcassets"; sourceTree = "<group>"; };
		F5733B452884905800F682EA /* Peter014_1Tests.xctest */ = {isa = PBXFileReference; explicitFileType = wrapper.cfbundle; includeInIndex = 0; path = Peter014_1Tests.xctest; sourceTree = BUILT_PRODUCTS_DIR; };
		F5733B492884905800F682EA /* Peter014_1Tests.swift */ = {isa = PBXFileReference; lastKnownFileType = sourcecode.swift; path = Peter014_1Tests.swift; sourceTree = "<group>"; };
		F5733B4F2884905800F682EA /* Peter014_1UITests.xctest */ = {isa = PBXFileReference; explicitFileType = wrapper.cfbundle; includeInIndex = 0; path = Peter014_1UITests.xctest; sourceTree = BUILT_PRODUCTS_DIR; };
		F5733B532884905800F682EA /* Peter014_1UITests.swift */ = {isa = PBXFileReference; lastKnownFileType = sourcecode.swift; path = Peter014_1UITests.swift; sourceTree = "<group>"; };
		F5733B552884905800F682EA /* Peter014_1UITestsLaunchTests.swift */ = {isa = PBXFileReference; lastKnownFileType = sourcecode.swift; path = Peter014_1UITestsLaunchTests.swift; sourceTree = "<group>"; };
		F59F90E32886F3AF00092F99 /* HomeView.swift */ = {isa = PBXFileReference; lastKnownFileType = sourcecode.swift; path = HomeView.swift; sourceTree = "<group>"; };
/* End PBXFileReference section */

/* Begin PBXFrameworksBuildPhase section */
		F5733B322884905500F682EA /* Frameworks */ = {
			isa = PBXFrameworksBuildPhase;
			buildActionMask = 2147483647;
			files = (
			);
			runOnlyForDeploymentPostprocessing = 0;
		};
		F5733B422884905800F682EA /* Frameworks */ = {
			isa = PBXFrameworksBuildPhase;
			buildActionMask = 2147483647;
			files = (
			);
			runOnlyForDeploymentPostprocessing = 0;
		};
		F5733B4C2884905800F682EA /* Frameworks */ = {
			isa = PBXFrameworksBuildPhase;
			buildActionMask = 2147483647;
			files = (
			);
			runOnlyForDeploymentPostprocessing = 0;
		};
/* End PBXFrameworksBuildPhase section */

/* Begin PBXGroup section */
		F5733B2C2884905500F682EA = {
			isa = PBXGroup;
			children = (
				F5733B372884905500F682EA /* Peter014_1 */,
				F5733B482884905800F682EA /* Peter014_1Tests */,
				F5733B522884905800F682EA /* Peter014_1UITests */,
				F5733B362884905500F682EA /* Products */,
			);
			sourceTree = "<group>";
		};
		F5733B362884905500F682EA /* Products */ = {
			isa = PBXGroup;
			children = (
				F5733B352884905500F682EA /* Peter014_1.app */,
				F5733B452884905800F682EA /* Peter014_1Tests.xctest */,
				F5733B4F2884905800F682EA /* Peter014_1UITests.xctest */,
			);
			name = Products;
			sourceTree = "<group>";
		};
		F5733B372884905500F682EA /* Peter014_1 */ = {
			isa = PBXGroup;
			children = (
				F5733B382884905500F682EA /* Peter014_1App.swift */,
				F59F90E32886F3AF00092F99 /* HomeView.swift */,
				F5733B3C2884905700F682EA /* Assets.xcassets */,
				F5733B3E2884905700F682EA /* Preview Content */,
			);
			path = Peter014_1;
			sourceTree = "<group>";
		};
		F5733B3E2884905700F682EA /* Preview Content */ = {
			isa = PBXGroup;
			children = (
				F5733B3F2884905700F682EA /* Preview Assets.xcassets */,
			);
			path = "Preview Content";
			sourceTree = "<group>";
		};
		F5733B482884905800F682EA /* Peter014_1Tests */ = {
			isa = PBXGroup;
			children = (
				F5733B492884905800F682EA /* Peter014_1Tests.swift */,
			);
			path = Peter014_1Tests;
			sourceTree = "<group>";
		};
		F5733B522884905800F682EA /* Peter014_1UITests */ = {
			isa = PBXGroup;
			children = (
				F5733B532884905800F682EA /* Peter014_1UITests.swift */,
				F5733B552884905800F682EA /* Peter014_1UITestsLaunchTests.swift */,
			);
			path = Peter014_1UITests;
			sourceTree = "<group>";
		};
/* End PBXGroup section */

/* Begin PBXNativeTarget section */
		F5733B342884905500F682EA /* Peter014_1 */ = {
			isa = PBXNativeTarget;
			buildConfigurationList = F5733B592884905800F682EA /* Build configuration list for PBXNativeTarget "Peter014_1" */;
			buildPhases = (
				F5733B312884905500F682EA /* Sources */,
				F5733B322884905500F682EA /* Frameworks */,
				F5733B332884905500F682EA /* Resources */,
			);
			buildRules = (
			);
			dependencies = (
			);
			name = Peter014_1;
			productName = Peter014_1;
			productReference = F5733B352884905500F682EA /* Peter014_1.app */;
			productType = "com.apple.product-type.application";
		};
		F5733B442884905800F682EA /* Peter014_1Tests */ = {
			isa = PBXNativeTarget;
			buildConfigurationList = F5733B5C2884905800F682EA /* Build configuration list for PBXNativeTarget "Peter014_1Tests" */;
			buildPhases = (
				F5733B412884905800F682EA /* Sources */,
				F5733B422884905800F682EA /* Frameworks */,
				F5733B432884905800F682EA /* Resources */,
			);
			buildRules = (
			);
			dependencies = (
				F5733B472884905800F682EA /* PBXTargetDependency */,
			);
			name = Peter014_1Tests;
			productName = Peter014_1Tests;
			productReference = F5733B452884905800F682EA /* Peter014_1Tests.xctest */;
			productType = "com.apple.product-type.bundle.unit-test";
		};
		F5733B4E2884905800F682EA /* Peter014_1UITests */ = {
			isa = PBXNativeTarget;
			buildConfigurationList = F5733B5F2884905800F682EA /* Build configuration list for PBXNativeTarget "Peter014_1UITests" */;
			buildPhases = (
				F5733B4B2884905800F682EA /* Sources */,
				F5733B4C2884905800F682EA /* Frameworks */,
				F5733B4D2884905800F682EA /* Resources */,
			);
			buildRules = (
			);
			dependencies = (
				F5733B512884905800F682EA /* PBXTargetDependency */,
			);
			name = Peter014_1UITests;
			productName = Peter014_1UITests;
			productReference = F5733B4F2884905800F682EA /* Peter014_1UITests.xctest */;
			productType = "com.apple.product-type.bundle.ui-testing";
		};
/* End PBXNativeTarget section */

/* Begin PBXProject section */
		F5733B2D2884905500F682EA /* Project object */ = {
			isa = PBXProject;
			attributes = {
				BuildIndependentTargetsInParallel = 1;
				LastSwiftUpdateCheck = 1310;
				LastUpgradeCheck = 1310;
				TargetAttributes = {
					F5733B342884905500F682EA = {
						CreatedOnToolsVersion = 13.1;
					};
					F5733B442884905800F682EA = {
						CreatedOnToolsVersion = 13.1;
						TestTargetID = F5733B342884905500F682EA;
					};
					F5733B4E2884905800F682EA = {
						CreatedOnToolsVersion = 13.1;
						TestTargetID = F5733B342884905500F682EA;
					};
				};
			};
			buildConfigurationList = F5733B302884905500F682EA /* Build configuration list for PBXProject "Peter014_1" */;
			compatibilityVersion = "Xcode 13.0";
			developmentRegion = en;
			hasScannedForEncodings = 0;
			knownRegions = (
				en,
				Base,
			);
			mainGroup = F5733B2C2884905500F682EA;
			productRefGroup = F5733B362884905500F682EA /* Products */;
			projectDirPath = "";
			projectRoot = "";
			targets = (
				F5733B342884905500F682EA /* Peter014_1 */,
				F5733B442884905800F682EA /* Peter014_1Tests */,
				F5733B4E2884905800F682EA /* Peter014_1UITests */,
			);
		};
/* End PBXProject section */

/* Begin PBXResourcesBuildPhase section */
		F5733B332884905500F682EA /* Resources */ = {
			isa = PBXResourcesBuildPhase;
			buildActionMask = 2147483647;
			files = (
				F5733B402884905700F682EA /* Preview Assets.xcassets in Resources */,
				F5733B3D2884905700F682EA /* Assets.xcassets in Resources */,
			);
			runOnlyForDeploymentPostprocessing = 0;
		};
		F5733B432884905800F682EA /* Resources */ = {
			isa = PBXResourcesBuildPhase;
			buildActionMask = 2147483647;
			files = (
			);
			runOnlyForDeploymentPostprocessing = 0;
		};
		F5733B4D2884905800F682EA /* Resources */ = {
			isa = PBXResourcesBuildPhase;
			buildActionMask = 2147483647;
			files = (
			);
			runOnlyForDeploymentPostprocessing = 0;
		};
/* End PBXResourcesBuildPhase section */

/* Begin PBXSourcesBuildPhase section */
		F5733B312884905500F682EA /* Sources */ = {
			isa = PBXSourcesBuildPhase;
			buildActionMask = 2147483647;
			files = (
				F59F90E42886F3AF00092F99 /* HomeView.swift in Sources */,
				F5733B392884905500F682EA /* Peter014_1App.swift in Sources */,
			);
			runOnlyForDeploymentPostprocessing = 0;
		};
		F5733B412884905800F682EA /* Sources */ = {
			isa = PBXSourcesBuildPhase;
			buildActionMask = 2147483647;
			files = (
				F5733B4A2884905800F682EA /* Peter014_1Tests.swift in Sources */,
			);
			runOnlyForDeploymentPostprocessing = 0;
		};
		F5733B4B2884905800F682EA /* Sources */ = {
			isa = PBXSourcesBuildPhase;
			buildActionMask = 2147483647;
			files = (
				F5733B542884905800F682EA /* Peter014_1UITests.swift in Sources */,
				F5733B562884905800F682EA /* Peter014_1UITestsLaunchTests.swift in Sources */,
			);
			runOnlyForDeploymentPostprocessing = 0;
		};
/* End PBXSourcesBuildPhase section */

/* Begin PBXTargetDependency section */
		F5733B472884905800F682EA /* PBXTargetDependency */ = {
			isa = PBXTargetDependency;
			target = F5733B342884905500F682EA /* Peter014_1 */;
			targetProxy = F5733B462884905800F682EA /* PBXContainerItemProxy */;
		};
		F5733B512884905800F682EA /* PBXTargetDependency */ = {
			isa = PBXTargetDependency;
			target = F5733B342884905500F682EA /* Peter014_1 */;
			targetProxy = F5733B502884905800F682EA /* PBXContainerItemProxy */;
		};
/* End PBXTargetDependency section */

/* Begin XCBuildConfiguration section */
		F5733B572884905800F682EA /* Debug */ = {
			isa = XCBuildConfiguration;
			buildSettings = {
				ALWAYS_SEARCH_USER_PATHS = NO;
				CLANG_ANALYZER_NONNULL = YES;
				CLANG_ANALYZER_NUMBER_OBJECT_CONVERSION = YES_AGGRESSIVE;
				CLANG_CXX_LANGUAGE_STANDARD = "gnu++17";
				CLANG_CXX_LIBRARY = "libc++";
				CLANG_ENABLE_MODULES = YES;
				CLANG_ENABLE_OBJC_ARC = YES;
				CLANG_ENABLE_OBJC_WEAK = YES;
				CLANG_WARN_BLOCK_CAPTURE_AUTORELEASING = YES;
				CLANG_WARN_BOOL_CONVERSION = YES;
				CLANG_WARN_COMMA = YES;
				CLANG_WARN_CONSTANT_CONVERSION = YES;
				CLANG_WARN_DEPRECATED_OBJC_IMPLEMENTATIONS = YES;
				CLANG_WARN_DIRECT_OBJC_ISA_USAGE = YES_ERROR;
				CLANG_WARN_DOCUMENTATION_COMMENTS = YES;
				CLANG_WARN_EMPTY_BODY = YES;
				CLANG_WARN_ENUM_CONVERSION = YES;
				CLANG_WARN_INFINITE_RECURSION = YES;
				CLANG_WARN_INT_CONVERSION = YES;
				CLANG_WARN_NON_LITERAL_NULL_CONVERSION = YES;
				CLANG_WARN_OBJC_IMPLICIT_RETAIN_SELF = YES;
				CLANG_WARN_OBJC_LITERAL_CONVERSION = YES;
				CLANG_WARN_OBJC_ROOT_CLASS = YES_ERROR;
				CLANG_WARN_QUOTED_INCLUDE_IN_FRAMEWORK_HEADER = YES;
				CLANG_WARN_RANGE_LOOP_ANALYSIS = YES;
				CLANG_WARN_STRICT_PROTOTYPES = YES;
				CLANG_WARN_SUSPICIOUS_MOVE = YES;
				CLANG_WARN_UNGUARDED_AVAILABILITY = YES_AGGRESSIVE;
				CLANG_WARN_UNREACHABLE_CODE = YES;
				CLANG_WARN__DUPLICATE_METHOD_MATCH = YES;
				COPY_PHASE_STRIP = NO;
				DEBUG_INFORMATION_FORMAT = dwarf;
				ENABLE_STRICT_OBJC_MSGSEND = YES;
				ENABLE_TESTABILITY = YES;
				GCC_C_LANGUAGE_STANDARD = gnu11;
				GCC_DYNAMIC_NO_PIC = NO;
				GCC_NO_COMMON_BLOCKS = YES;
				GCC_OPTIMIZATION_LEVEL = 0;
				GCC_PREPROCESSOR_DEFINITIONS = (
					"DEBUG=1",
					"$(inherited)",
				);
				GCC_WARN_64_TO_32_BIT_CONVERSION = YES;
				GCC_WARN_ABOUT_RETURN_TYPE = YES_ERROR;
				GCC_WARN_UNDECLARED_SELECTOR = YES;
				GCC_WARN_UNINITIALIZED_AUTOS = YES_AGGRESSIVE;
				GCC_WARN_UNUSED_FUNCTION = YES;
				GCC_WARN_UNUSED_VARIABLE = YES;
				IPHONEOS_DEPLOYMENT_TARGET = 15.0;
				MTL_ENABLE_DEBUG_INFO = INCLUDE_SOURCE;
				MTL_FAST_MATH = YES;
				ONLY_ACTIVE_ARCH = YES;
				SDKROOT = iphoneos;
				SWIFT_ACTIVE_COMPILATION_CONDITIONS = DEBUG;
				SWIFT_OPTIMIZATION_LEVEL = "-Onone";
			};
			name = Debug;
		};
		F5733B582884905800F682EA /* Release */ = {
			isa = XCBuildConfiguration;
			buildSettings = {
				ALWAYS_SEARCH_USER_PATHS = NO;
				CLANG_ANALYZER_NONNULL = YES;
				CLANG_ANALYZER_NUMBER_OBJECT_CONVERSION = YES_AGGRESSIVE;
				CLANG_CXX_LANGUAGE_STANDARD = "gnu++17";
				CLANG_CXX_LIBRARY = "libc++";
				CLANG_ENABLE_MODULES = YES;
				CLANG_ENABLE_OBJC_ARC = YES;
				CLANG_ENABLE_OBJC_WEAK = YES;
				CLANG_WARN_BLOCK_CAPTURE_AUTORELEASING = YES;
				CLANG_WARN_BOOL_CONVERSION = YES;
				CLANG_WARN_COMMA = YES;
				CLANG_WARN_CONSTANT_CONVERSION = YES;
				CLANG_WARN_DEPRECATED_OBJC_IMPLEMENTATIONS = YES;
				CLANG_WARN_DIRECT_OBJC_ISA_USAGE = YES_ERROR;
				CLANG_WARN_DOCUMENTATION_COMMENTS = YES;
				CLANG_WARN_EMPTY_BODY = YES;
				CLANG_WARN_ENUM_CONVERSION = YES;
				CLANG_WARN_INFINITE_RECURSION = YES;
				CLANG_WARN_INT_CONVERSION = YES;
				CLANG_WARN_NON_LITERAL_NULL_CONVERSION = YES;
				CLANG_WARN_OBJC_IMPLICIT_RETAIN_SELF = YES;
				CLANG_WARN_OBJC_LITERAL_CONVERSION = YES;
				CLANG_WARN_OBJC_ROOT_CLASS = YES_ERROR;
				CLANG_WARN_QUOTED_INCLUDE_IN_FRAMEWORK_HEADER = YES;
				CLANG_WARN_RANGE_LOOP_ANALYSIS = YES;
				CLANG_WARN_STRICT_PROTOTYPES = YES;
				CLANG_WARN_SUSPICIOUS_MOVE = YES;
				CLANG_WARN_UNGUARDED_AVAILABILITY = YES_AGGRESSIVE;
				CLANG_WARN_UNREACHABLE_CODE = YES;
				CLANG_WARN__DUPLICATE_METHOD_MATCH = YES;
				COPY_PHASE_STRIP = NO;
				DEBUG_INFORMATION_FORMAT = "dwarf-with-dsym";
				ENABLE_NS_ASSERTIONS = NO;
				ENABLE_STRICT_OBJC_MSGSEND = YES;
				GCC_C_LANGUAGE_STANDARD = gnu11;
				GCC_NO_COMMON_BLOCKS = YES;
				GCC_WARN_64_TO_32_BIT_CONVERSION = YES;
				GCC_WARN_ABOUT_RETURN_TYPE = YES_ERROR;
				GCC_WARN_UNDECLARED_SELECTOR = YES;
				GCC_WARN_UNINITIALIZED_AUTOS = YES_AGGRESSIVE;
				GCC_WARN_UNUSED_FUNCTION = YES;
				GCC_WARN_UNUSED_VARIABLE = YES;
				IPHONEOS_DEPLOYMENT_TARGET = 15.0;
				MTL_ENABLE_DEBUG_INFO = NO;
				MTL_FAST_MATH = YES;
				SDKROOT = iphoneos;
				SWIFT_COMPILATION_MODE = wholemodule;
				SWIFT_OPTIMIZATION_LEVEL = "-O";
				VALIDATE_PRODUCT = YES;
			};
			name = Release;
		};
		F5733B5A2884905800F682EA /* Debug */ = {
			isa = XCBuildConfiguration;
			buildSettings = {
				ASSETCATALOG_COMPILER_APPICON_NAME = AppIcon;
				ASSETCATALOG_COMPILER_GLOBAL_ACCENT_COLOR_NAME = AccentColor;
				CODE_SIGN_STYLE = Automatic;
				CURRENT_PROJECT_VERSION = 1;
				DEVELOPMENT_ASSET_PATHS = "\"Peter014_1/Preview Content\"";
				DEVELOPMENT_TEAM = 942H6V444Y;
				ENABLE_PREVIEWS = YES;
				GENERATE_INFOPLIST_FILE = YES;
				INFOPLIST_KEY_UIApplicationSceneManifest_Generation = YES;
				INFOPLIST_KEY_UIApplicationSupportsIndirectInputEvents = YES;
				INFOPLIST_KEY_UILaunchScreen_Generation = YES;
				INFOPLIST_KEY_UISupportedInterfaceOrientations_iPad = "UIInterfaceOrientationPortrait UIInterfaceOrientationPortraitUpsideDown UIInterfaceOrientationLandscapeLeft UIInterfaceOrientationLandscapeRight";
				INFOPLIST_KEY_UISupportedInterfaceOrientations_iPhone = "UIInterfaceOrientationPortrait UIInterfaceOrientationLandscapeLeft UIInterfaceOrientationLandscapeRight";
				LD_RUNPATH_SEARCH_PATHS = (
					"$(inherited)",
					"@executable_path/Frameworks",
				);
				MARKETING_VERSION = 1.0;
				PRODUCT_BUNDLE_IDENTIFIER = "com.ddong.Peter014-1";
				PRODUCT_NAME = "$(TARGET_NAME)";
				SWIFT_EMIT_LOC_STRINGS = YES;
				SWIFT_VERSION = 5.0;
				TARGETED_DEVICE_FAMILY = "1,2";
			};
			name = Debug;
		};
		F5733B5B2884905800F682EA /* Release */ = {
			isa = XCBuildConfiguration;
			buildSettings = {
				ASSETCATALOG_COMPILER_APPICON_NAME = AppIcon;
				ASSETCATALOG_COMPILER_GLOBAL_ACCENT_COLOR_NAME = AccentColor;
				CODE_SIGN_STYLE = Automatic;
				CURRENT_PROJECT_VERSION = 1;
				DEVELOPMENT_ASSET_PATHS = "\"Peter014_1/Preview Content\"";
				DEVELOPMENT_TEAM = 942H6V444Y;
				ENABLE_PREVIEWS = YES;
				GENERATE_INFOPLIST_FILE = YES;
				INFOPLIST_KEY_UIApplicationSceneManifest_Generation = YES;
				INFOPLIST_KEY_UIApplicationSupportsIndirectInputEvents = YES;
				INFOPLIST_KEY_UILaunchScreen_Generation = YES;
				INFOPLIST_KEY_UISupportedInterfaceOrientations_iPad = "UIInterfaceOrientationPortrait UIInterfaceOrientationPortraitUpsideDown UIInterfaceOrientationLandscapeLeft UIInterfaceOrientationLandscapeRight";
				INFOPLIST_KEY_UISupportedInterfaceOrientations_iPhone = "UIInterfaceOrientationPortrait UIInterfaceOrientationLandscapeLeft UIInterfaceOrientationLandscapeRight";
				LD_RUNPATH_SEARCH_PATHS = (
					"$(inherited)",
					"@executable_path/Frameworks",
				);
				MARKETING_VERSION = 1.0;
				PRODUCT_BUNDLE_IDENTIFIER = "com.ddong.Peter014-1";
				PRODUCT_NAME = "$(TARGET_NAME)";
				SWIFT_EMIT_LOC_STRINGS = YES;
				SWIFT_VERSION = 5.0;
				TARGETED_DEVICE_FAMILY = "1,2";
			};
			name = Release;
		};
		F5733B5D2884905800F682EA /* Debug */ = {
			isa = XCBuildConfiguration;
			buildSettings = {
				ALWAYS_EMBED_SWIFT_STANDARD_LIBRARIES = YES;
				BUNDLE_LOADER = "$(TEST_HOST)";
				CODE_SIGN_STYLE = Automatic;
				CURRENT_PROJECT_VERSION = 1;
				DEVELOPMENT_TEAM = 942H6V444Y;
				GENERATE_INFOPLIST_FILE = YES;
				IPHONEOS_DEPLOYMENT_TARGET = 15.0;
				LD_RUNPATH_SEARCH_PATHS = (
					"$(inherited)",
					"@executable_path/Frameworks",
					"@loader_path/Frameworks",
				);
				MARKETING_VERSION = 1.0;
				PRODUCT_BUNDLE_IDENTIFIER = "com.ddong.Peter014-1Tests";
				PRODUCT_NAME = "$(TARGET_NAME)";
				SWIFT_EMIT_LOC_STRINGS = NO;
				SWIFT_VERSION = 5.0;
				TARGETED_DEVICE_FAMILY = "1,2";
				TEST_HOST = "$(BUILT_PRODUCTS_DIR)/Peter014_1.app/Peter014_1";
			};
			name = Debug;
		};
		F5733B5E2884905800F682EA /* Release */ = {
			isa = XCBuildConfiguration;
			buildSettings = {
				ALWAYS_EMBED_SWIFT_STANDARD_LIBRARIES = YES;
				BUNDLE_LOADER = "$(TEST_HOST)";
				CODE_SIGN_STYLE = Automatic;
				CURRENT_PROJECT_VERSION = 1;
				DEVELOPMENT_TEAM = 942H6V444Y;
				GENERATE_INFOPLIST_FILE = YES;
				IPHONEOS_DEPLOYMENT_TARGET = 15.0;
				LD_RUNPATH_SEARCH_PATHS = (
					"$(inherited)",
					"@executable_path/Frameworks",
					"@loader_path/Frameworks",
				);
				MARKETING_VERSION = 1.0;
				PRODUCT_BUNDLE_IDENTIFIER = "com.ddong.Peter014-1Tests";
				PRODUCT_NAME = "$(TARGET_NAME)";
				SWIFT_EMIT_LOC_STRINGS = NO;
				SWIFT_VERSION = 5.0;
				TARGETED_DEVICE_FAMILY = "1,2";
				TEST_HOST = "$(BUILT_PRODUCTS_DIR)/Peter014_1.app/Peter014_1";
			};
			name = Release;
		};
		F5733B602884905800F682EA /* Debug */ = {
			isa = XCBuildConfiguration;
			buildSettings = {
				ALWAYS_EMBED_SWIFT_STANDARD_LIBRARIES = YES;
				CODE_SIGN_STYLE = Automatic;
				CURRENT_PROJECT_VERSION = 1;
				DEVELOPMENT_TEAM = 942H6V444Y;
				GENERATE_INFOPLIST_FILE = YES;
				LD_RUNPATH_SEARCH_PATHS = (
					"$(inherited)",
					"@executable_path/Frameworks",
					"@loader_path/Frameworks",
				);
				MARKETING_VERSION = 1.0;
				PRODUCT_BUNDLE_IDENTIFIER = "com.ddong.Peter014-1UITests";
				PRODUCT_NAME = "$(TARGET_NAME)";
				SWIFT_EMIT_LOC_STRINGS = NO;
				SWIFT_VERSION = 5.0;
				TARGETED_DEVICE_FAMILY = "1,2";
				TEST_TARGET_NAME = Peter014_1;
			};
			name = Debug;
		};
		F5733B612884905800F682EA /* Release */ = {
			isa = XCBuildConfiguration;
			buildSettings = {
				ALWAYS_EMBED_SWIFT_STANDARD_LIBRARIES = YES;
				CODE_SIGN_STYLE = Automatic;
				CURRENT_PROJECT_VERSION = 1;
				DEVELOPMENT_TEAM = 942H6V444Y;
				GENERATE_INFOPLIST_FILE = YES;
				LD_RUNPATH_SEARCH_PATHS = (
					"$(inherited)",
					"@executable_path/Frameworks",
					"@loader_path/Frameworks",
				);
				MARKETING_VERSION = 1.0;
				PRODUCT_BUNDLE_IDENTIFIER = "com.ddong.Peter014-1UITests";
				PRODUCT_NAME = "$(TARGET_NAME)";
				SWIFT_EMIT_LOC_STRINGS = NO;
				SWIFT_VERSION = 5.0;
				TARGETED_DEVICE_FAMILY = "1,2";
				TEST_TARGET_NAME = Peter014_1;
			};
			name = Release;
		};
/* End XCBuildConfiguration section */

/* Begin XCConfigurationList section */
		F5733B302884905500F682EA /* Build configuration list for PBXProject "Peter014_1" */ = {
			isa = XCConfigurationList;
			buildConfigurations = (
				F5733B572884905800F682EA /* Debug */,
				F5733B582884905800F682EA /* Release */,
			);
			defaultConfigurationIsVisible = 0;
			defaultConfigurationName = Release;
		};
		F5733B592884905800F682EA /* Build configuration list for PBXNativeTarget "Peter014_1" */ = {
			isa = XCConfigurationList;
			buildConfigurations = (
				F5733B5A2884905800F682EA /* Debug */,
				F5733B5B2884905800F682EA /* Release */,
			);
			defaultConfigurationIsVisible = 0;
			defaultConfigurationName = Release;
		};
		F5733B5C2884905800F682EA /* Build configuration list for PBXNativeTarget "Peter014_1Tests" */ = {
			isa = XCConfigurationList;
			buildConfigurations = (
				F5733B5D2884905800F682EA /* Debug */,
				F5733B5E2884905800F682EA /* Release */,
			);
			defaultConfigurationIsVisible = 0;
			defaultConfigurationName = Release;
		};
		F5733B5F2884905800F682EA /* Build configuration list for PBXNativeTarget "Peter014_1UITests" */ = {
			isa = XCConfigurationList;
			buildConfigurations = (
				F5733B602884905800F682EA /* Debug */,
				F5733B612884905800F682EA /* Release */,
			);
			defaultConfigurationIsVisible = 0;
			defaultConfigurationName = Release;
		};
/* End XCConfigurationList section */
	};
	rootObject = F5733B2D2884905500F682EA /* Project object */;
}
